
Microsoft Visual Studio Solution File, Format Version 12.00
# Visual Studio 15
VisualStudioVersion = 15.0.27130.2036
MinimumVisualStudioVersion = 10.0.40219.1
Project("{FAE04EC0-301F-11D3-BF4B-00C04F79EFBC}") = "Vidly", "Vidly\Vidly.csproj", "{BDF58A4E-937F-4FFE-BEF1-F3F4F37F5112}"
EndProject
Project("{2150E333-8FDC-42A3-9474-1A3956D46DE8}") = "Solution Items", "Solution Items", "{E44AD16D-E4EB-4079-A12D-FB8DE5158C48}"
	ProjectSection(SolutionItems) = preProject
		LICENSE.md = LICENSE.md
		README.md = README.md
	EndProjectSection
EndProject
Global
	GlobalSection(SolutionConfigurationPlatforms) = preSolution
		Debug|Any CPU = Debug|Any CPU
		Release|Any CPU = Release|Any CPU
		Testing|Any CPU = Testing|Any CPU
	EndGlobalSection
	GlobalSection(ProjectConfigurationPlatforms) = postSolution
		{BDF58A4E-937F-4FFE-BEF1-F3F4F37F5112}.Debug|Any CPU.ActiveCfg = Debug|Any CPU
		{BDF58A4E-937F-4FFE-BEF1-F3F4F37F5112}.Debug|Any CPU.Build.0 = Debug|Any CPU
		{BDF58A4E-937F-4FFE-BEF1-F3F4F37F5112}.Release|Any CPU.ActiveCfg = Release|Any CPU
		{BDF58A4E-937F-4FFE-BEF1-F3F4F37F5112}.Release|Any CPU.Build.0 = Release|Any CPU
		{BDF58A4E-937F-4FFE-BEF1-F3F4F37F5112}.Testing|Any CPU.ActiveCfg = Testing|Any CPU
		{BDF58A4E-937F-4FFE-BEF1-F3F4F37F5112}.Testing|Any CPU.Build.0 = Testing|Any CPU
	EndGlobalSection
	GlobalSection(SolutionProperties) = preSolution
		HideSolutionNode = FALSE
	EndGlobalSection
	GlobalSection(ExtensibilityGlobals) = postSolution
		SolutionGuid = {3038BAEE-8B25-449D-95E7-7462CB025621}
	EndGlobalSection
EndGlobal
